
Microsoft Visual Studio Solution File, Format Version 12.00
# Visual Studio Version 17
VisualStudioVersion = 17.3.32901.215
MinimumVisualStudioVersion = 10.0.40219.1
Project("{FAE04EC0-301F-11D3-BF4B-00C04F79EFBC}") = "Slime Rancher 2 Multiplayer", "Slime Rancher 2 Multiplayer\Slime Rancher 2 Multiplayer.csproj", "{FC92AB5F-632C-4E57-996F-95AEB20CED96}"
EndProject
Global
	GlobalSection(SolutionConfigurationPlatforms) = preSolution
		Debug|Any CPU = Debug|Any CPU
		Release|Any CPU = Release|Any CPU
	EndGlobalSection
	GlobalSection(ProjectConfigurationPlatforms) = postSolution
		{FC92AB5F-632C-4E57-996F-95AEB20CED96}.Debug|Any CPU.ActiveCfg = Debug|Any CPU
		{FC92AB5F-632C-4E57-996F-95AEB20CED96}.Debug|Any CPU.Build.0 = Debug|Any CPU
		{FC92AB5F-632C-4E57-996F-95AEB20CED96}.Release|Any CPU.ActiveCfg = Release|Any CPU
		{FC92AB5F-632C-4E57-996F-95AEB20CED96}.Release|Any CPU.Build.0 = Release|Any CPU
	EndGlobalSection
	GlobalSection(SolutionProperties) = preSolution
		HideSolutionNode = FALSE
	EndGlobalSection
	GlobalSection(ExtensibilityGlobals) = postSolution
		SolutionGuid = {4978804E-5955-4D5E-969B-5DFE8B92EB1F}
	EndGlobalSection
EndGlobal
