
Microsoft Visual Studio Solution File, Format Version 12.00
# Visual Studio Version 17
VisualStudioVersion = 17.3.32922.545
MinimumVisualStudioVersion = 10.0.40219.1
Project("{FAE04EC0-301F-11D3-BF4B-00C04F79EFBC}") = "SR2MP", "SR2MP\SR2MP.csproj", "{A32128F8-A2B5-49F5-9029-640E78B1827B}"
EndProject
Global
	GlobalSection(SolutionConfigurationPlatforms) = preSolution
		Debug|Any CPU = Debug|Any CPU
		Release|Any CPU = Release|Any CPU
	EndGlobalSection
	GlobalSection(ProjectConfigurationPlatforms) = postSolution
		{A32128F8-A2B5-49F5-9029-640E78B1827B}.Debug|Any CPU.ActiveCfg = Debug|Any CPU
		{A32128F8-A2B5-49F5-9029-640E78B1827B}.Debug|Any CPU.Build.0 = Debug|Any CPU
		{A32128F8-A2B5-49F5-9029-640E78B1827B}.Release|Any CPU.ActiveCfg = Release|Any CPU
		{A32128F8-A2B5-49F5-9029-640E78B1827B}.Release|Any CPU.Build.0 = Release|Any CPU
	EndGlobalSection
	GlobalSection(SolutionProperties) = preSolution
		HideSolutionNode = FALSE
	EndGlobalSection
	GlobalSection(ExtensibilityGlobals) = postSolution
		SolutionGuid = {8A138CCE-1AB9-4252-A8A0-0F13CD1A6907}
	EndGlobalSection
EndGlobal
